
Microsoft Visual Studio Solution File, Format Version 12.00
# Visual Studio Version 17
VisualStudioVersion = 17.5.33516.290
MinimumVisualStudioVersion = 10.0.40219.1
Project("{FAE04EC0-301F-11D3-BF4B-00C04F79EFBC}") = "Functions", "Functions\Functions.csproj", "{F1EBB113-AA31-4D62-A79A-3FE5DA1E0DBA}"
EndProject
Global
	GlobalSection(SolutionConfigurationPlatforms) = preSolution
		Debug|Any CPU = Debug|Any CPU
		Release|Any CPU = Release|Any CPU
	EndGlobalSection
	GlobalSection(ProjectConfigurationPlatforms) = postSolution
		{F1EBB113-AA31-4D62-A79A-3FE5DA1E0DBA}.Debug|Any CPU.ActiveCfg = Debug|Any CPU
		{F1EBB113-AA31-4D62-A79A-3FE5DA1E0DBA}.Debug|Any CPU.Build.0 = Debug|Any CPU
		{F1EBB113-AA31-4D62-A79A-3FE5DA1E0DBA}.Release|Any CPU.ActiveCfg = Release|Any CPU
		{F1EBB113-AA31-4D62-A79A-3FE5DA1E0DBA}.Release|Any CPU.Build.0 = Release|Any CPU
	EndGlobalSection
	GlobalSection(SolutionProperties) = preSolution
		HideSolutionNode = FALSE
	EndGlobalSection
	GlobalSection(ExtensibilityGlobals) = postSolution
		SolutionGuid = {C5B53F62-8885-42A3-B905-0CFB583D6B80}
	EndGlobalSection
EndGlobal
