
Microsoft Visual Studio Solution File, Format Version 12.00
# Visual Studio Version 17
VisualStudioVersion = 17.5.33516.290
MinimumVisualStudioVersion = 10.0.40219.1
Project("{FAE04EC0-301F-11D3-BF4B-00C04F79EFBC}") = "SingleResponsibility", "SingleResponsibility\SingleResponsibility.csproj", "{5282740B-0725-4023-99FD-9785F39109C3}"
EndProject
Project("{FAE04EC0-301F-11D3-BF4B-00C04F79EFBC}") = "OenClosed", "OenClosed\OenClosed.csproj", "{C29AD195-8596-4602-8C0D-FC47A58F4E39}"
EndProject
Project("{FAE04EC0-301F-11D3-BF4B-00C04F79EFBC}") = "LiskovSubstution", "LiskovSubstution\LiskovSubstution.csproj", "{83DFD4EC-C872-48CF-937F-8F5F96A9EC3D}"
EndProject
Project("{FAE04EC0-301F-11D3-BF4B-00C04F79EFBC}") = "InterfaceSegregationPrinciple", "InterfaceSegregationPrinciple\InterfaceSegregationPrinciple.csproj", "{FD0FA017-284A-4343-8946-68F2220A4818}"
EndProject
Project("{FAE04EC0-301F-11D3-BF4B-00C04F79EFBC}") = "DependencyInversion", "DependencyInversion\DependencyInversion.csproj", "{50B38FC2-792C-4FBF-81AB-D3D718BC4AE5}"
EndProject
Global
	GlobalSection(SolutionConfigurationPlatforms) = preSolution
		Debug|Any CPU = Debug|Any CPU
		Release|Any CPU = Release|Any CPU
	EndGlobalSection
	GlobalSection(ProjectConfigurationPlatforms) = postSolution
		{5282740B-0725-4023-99FD-9785F39109C3}.Debug|Any CPU.ActiveCfg = Debug|Any CPU
		{5282740B-0725-4023-99FD-9785F39109C3}.Debug|Any CPU.Build.0 = Debug|Any CPU
		{5282740B-0725-4023-99FD-9785F39109C3}.Release|Any CPU.ActiveCfg = Release|Any CPU
		{5282740B-0725-4023-99FD-9785F39109C3}.Release|Any CPU.Build.0 = Release|Any CPU
		{C29AD195-8596-4602-8C0D-FC47A58F4E39}.Debug|Any CPU.ActiveCfg = Debug|Any CPU
		{C29AD195-8596-4602-8C0D-FC47A58F4E39}.Debug|Any CPU.Build.0 = Debug|Any CPU
		{C29AD195-8596-4602-8C0D-FC47A58F4E39}.Release|Any CPU.ActiveCfg = Release|Any CPU
		{C29AD195-8596-4602-8C0D-FC47A58F4E39}.Release|Any CPU.Build.0 = Release|Any CPU
		{83DFD4EC-C872-48CF-937F-8F5F96A9EC3D}.Debug|Any CPU.ActiveCfg = Debug|Any CPU
		{83DFD4EC-C872-48CF-937F-8F5F96A9EC3D}.Debug|Any CPU.Build.0 = Debug|Any CPU
		{83DFD4EC-C872-48CF-937F-8F5F96A9EC3D}.Release|Any CPU.ActiveCfg = Release|Any CPU
		{83DFD4EC-C872-48CF-937F-8F5F96A9EC3D}.Release|Any CPU.Build.0 = Release|Any CPU
		{FD0FA017-284A-4343-8946-68F2220A4818}.Debug|Any CPU.ActiveCfg = Debug|Any CPU
		{FD0FA017-284A-4343-8946-68F2220A4818}.Debug|Any CPU.Build.0 = Debug|Any CPU
		{FD0FA017-284A-4343-8946-68F2220A4818}.Release|Any CPU.ActiveCfg = Release|Any CPU
		{FD0FA017-284A-4343-8946-68F2220A4818}.Release|Any CPU.Build.0 = Release|Any CPU
		{50B38FC2-792C-4FBF-81AB-D3D718BC4AE5}.Debug|Any CPU.ActiveCfg = Debug|Any CPU
		{50B38FC2-792C-4FBF-81AB-D3D718BC4AE5}.Debug|Any CPU.Build.0 = Debug|Any CPU
		{50B38FC2-792C-4FBF-81AB-D3D718BC4AE5}.Release|Any CPU.ActiveCfg = Release|Any CPU
		{50B38FC2-792C-4FBF-81AB-D3D718BC4AE5}.Release|Any CPU.Build.0 = Release|Any CPU
	EndGlobalSection
	GlobalSection(SolutionProperties) = preSolution
		HideSolutionNode = FALSE
	EndGlobalSection
	GlobalSection(ExtensibilityGlobals) = postSolution
		SolutionGuid = {8A1E4973-D4FD-4277-AF0C-E443B128BF9A}
	EndGlobalSection
EndGlobal
